
Microsoft Visual Studio Solution File, Format Version 12.00
# Visual Studio 14
VisualStudioVersion = 14.0.25420.1
MinimumVisualStudioVersion = 10.0.40219.1
Project("{FAE04EC0-301F-11D3-BF4B-00C04F79EFBC}") = "Main", "Patcher\Main.csproj", "{0F3F8D75-9AAF-4767-B1CB-B779D9FA9157}"
	ProjectSection(ProjectDependencies) = postProject
		{A726CD0D-A6D9-4839-B888-C2EA77CCEE90} = {A726CD0D-A6D9-4839-B888-C2EA77CCEE90}
		{BAD6EA79-0BA8-47CD-8048-EBFD144D2EAA} = {BAD6EA79-0BA8-47CD-8048-EBFD144D2EAA}
	EndProjectSection
EndProject
Project("{2150E333-8FDC-42A3-9474-1A3956D46DE8}") = "Modules", "Modules", "{3698CCC0-2B3B-452B-9133-9113F4C41223}"
EndProject
Project("{FAE04EC0-301F-11D3-BF4B-00C04F79EFBC}") = "Update", "Modules\Update\Update.csproj", "{A726CD0D-A6D9-4839-B888-C2EA77CCEE90}"
EndProject
Project("{FAE04EC0-301F-11D3-BF4B-00C04F79EFBC}") = "FixInstall", "Modules\FixInstall\FixInstall.csproj", "{2DBF43DC-4AF9-4817-8B3E-57E3CF8CED05}"
EndProject
Project("{FAE04EC0-301F-11D3-BF4B-00C04F79EFBC}") = "DownloadClient", "Modules\DownloadClient\DownloadClient.csproj", "{A476C74C-D0D7-42DC-A3D7-8080AFD55F0A}"
EndProject
Project("{FAE04EC0-301F-11D3-BF4B-00C04F79EFBC}") = "InstallEnglishPatch", "Modules\InstallEnglishPatch\InstallEnglishPatch.csproj", "{BAD6EA79-0BA8-47CD-8048-EBFD144D2EAA}"
EndProject
Project("{FAE04EC0-301F-11D3-BF4B-00C04F79EFBC}") = "FixFiles", "Modules\FixFiles\FixFiles.csproj", "{7803CD86-4A98-43B9-845B-D89A8FA45C86}"
EndProject
Global
	GlobalSection(SolutionConfigurationPlatforms) = preSolution
		Debug|Any CPU = Debug|Any CPU
		Release|Any CPU = Release|Any CPU
	EndGlobalSection
	GlobalSection(ProjectConfigurationPlatforms) = postSolution
		{0F3F8D75-9AAF-4767-B1CB-B779D9FA9157}.Debug|Any CPU.ActiveCfg = Debug|Any CPU
		{0F3F8D75-9AAF-4767-B1CB-B779D9FA9157}.Debug|Any CPU.Build.0 = Debug|Any CPU
		{0F3F8D75-9AAF-4767-B1CB-B779D9FA9157}.Release|Any CPU.ActiveCfg = Release|Any CPU
		{0F3F8D75-9AAF-4767-B1CB-B779D9FA9157}.Release|Any CPU.Build.0 = Release|Any CPU
		{A726CD0D-A6D9-4839-B888-C2EA77CCEE90}.Debug|Any CPU.ActiveCfg = Debug|Any CPU
		{A726CD0D-A6D9-4839-B888-C2EA77CCEE90}.Debug|Any CPU.Build.0 = Debug|Any CPU
		{A726CD0D-A6D9-4839-B888-C2EA77CCEE90}.Release|Any CPU.ActiveCfg = Release|Any CPU
		{A726CD0D-A6D9-4839-B888-C2EA77CCEE90}.Release|Any CPU.Build.0 = Release|Any CPU
		{2DBF43DC-4AF9-4817-8B3E-57E3CF8CED05}.Debug|Any CPU.ActiveCfg = Debug|Any CPU
		{2DBF43DC-4AF9-4817-8B3E-57E3CF8CED05}.Debug|Any CPU.Build.0 = Debug|Any CPU
		{2DBF43DC-4AF9-4817-8B3E-57E3CF8CED05}.Release|Any CPU.ActiveCfg = Release|Any CPU
		{2DBF43DC-4AF9-4817-8B3E-57E3CF8CED05}.Release|Any CPU.Build.0 = Release|Any CPU
		{A476C74C-D0D7-42DC-A3D7-8080AFD55F0A}.Debug|Any CPU.ActiveCfg = Debug|Any CPU
		{A476C74C-D0D7-42DC-A3D7-8080AFD55F0A}.Debug|Any CPU.Build.0 = Debug|Any CPU
		{A476C74C-D0D7-42DC-A3D7-8080AFD55F0A}.Release|Any CPU.ActiveCfg = Release|Any CPU
		{A476C74C-D0D7-42DC-A3D7-8080AFD55F0A}.Release|Any CPU.Build.0 = Release|Any CPU
		{BAD6EA79-0BA8-47CD-8048-EBFD144D2EAA}.Debug|Any CPU.ActiveCfg = Debug|Any CPU
		{BAD6EA79-0BA8-47CD-8048-EBFD144D2EAA}.Debug|Any CPU.Build.0 = Debug|Any CPU
		{BAD6EA79-0BA8-47CD-8048-EBFD144D2EAA}.Release|Any CPU.ActiveCfg = Release|Any CPU
		{BAD6EA79-0BA8-47CD-8048-EBFD144D2EAA}.Release|Any CPU.Build.0 = Release|Any CPU
		{7803CD86-4A98-43B9-845B-D89A8FA45C86}.Debug|Any CPU.ActiveCfg = Debug|Any CPU
		{7803CD86-4A98-43B9-845B-D89A8FA45C86}.Debug|Any CPU.Build.0 = Debug|Any CPU
		{7803CD86-4A98-43B9-845B-D89A8FA45C86}.Release|Any CPU.ActiveCfg = Release|Any CPU
		{7803CD86-4A98-43B9-845B-D89A8FA45C86}.Release|Any CPU.Build.0 = Release|Any CPU
	EndGlobalSection
	GlobalSection(SolutionProperties) = preSolution
		HideSolutionNode = FALSE
	EndGlobalSection
	GlobalSection(NestedProjects) = preSolution
		{A726CD0D-A6D9-4839-B888-C2EA77CCEE90} = {3698CCC0-2B3B-452B-9133-9113F4C41223}
		{2DBF43DC-4AF9-4817-8B3E-57E3CF8CED05} = {3698CCC0-2B3B-452B-9133-9113F4C41223}
		{A476C74C-D0D7-42DC-A3D7-8080AFD55F0A} = {3698CCC0-2B3B-452B-9133-9113F4C41223}
		{BAD6EA79-0BA8-47CD-8048-EBFD144D2EAA} = {3698CCC0-2B3B-452B-9133-9113F4C41223}
		{7803CD86-4A98-43B9-845B-D89A8FA45C86} = {3698CCC0-2B3B-452B-9133-9113F4C41223}
	EndGlobalSection
EndGlobal
